<?xml version="1.0" encoding="utf-8"?>
<Project ToolsVersion="4.0" xmlns="http://schemas.microsoft.com/developer/msbuild/2003">
  <ItemGroup>
    <Filter Include="源文件">
      <UniqueIdentifier>{4FC737F1-C7A5-4376-A066-2A32D752A2FF}</UniqueIdentifier>
      <Extensions>cpp;c;cc;cxx;c++;cppm;ixx;def;odl;idl;hpj;bat;asm;asmx</Extensions>
    </Filter>
    <Filter Include="头文件">
      <UniqueIdentifier>{93995380-89BD-4b04-88EB-625FBE52EBFB}</UniqueIdentifier>
      <Extensions>h;hh;hpp;hxx;h++;hm;inl;inc;ipp;xsd</Extensions>
    </Filter>
    <Filter Include="资源文件">
      <UniqueIdentifier>{67DA6AB6-F800-4c08-8B7A-83BB121AAD01}</UniqueIdentifier>
      <Extensions>rc;ico;cur;bmp;dlg;rc2;rct;bin;rgs;gif;jpg;jpeg;jpe;resx;tiff;tif;png;wav;mfcribbon-ms</Extensions>
    </Filter>
    <Filter Include="Game">
      <UniqueIdentifier>{3ac605c0-53d2-4459-9615-ec503e852926}</UniqueIdentifier>
    </Filter>
    <Filter Include="Game\Core">
      <UniqueIdentifier>{30523fd7-427d-4869-960a-40cb4345ce4f}</UniqueIdentifier>
    </Filter>
    <Filter Include="Game\Resources">
      <UniqueIdentifier>{ff104be6-8484-4c4e-9648-6dbac43320c4}</UniqueIdentifier>
    </Filter>
    <Filter Include="Game\Objects">
      <UniqueIdentifier>{22f01363-7cd2-4df1-a24b-bb272423c76b}</UniqueIdentifier>
    </Filter>
    <Filter Include="Game\Map">
      <UniqueIdentifier>{b3aa37ab-2cb5-4c88-9e18-e5e9c1eb87fc}</UniqueIdentifier>
    </Filter>
  </ItemGroup>
  <ItemGroup>
    <ClInclude Include="MFCApplication1.h">
      <Filter>头文件</Filter>
    </ClInclude>
    <ClInclude Include="framework.h">
      <Filter>头文件</Filter>
    </ClInclude>
    <ClInclude Include="targetver.h">
      <Filter>头文件</Filter>
    </ClInclude>
    <ClInclude Include="MainFrm.h">
      <Filter>头文件</Filter>
    </ClInclude>
    <ClInclude Include="MFCApplication1Doc.h">
      <Filter>头文件</Filter>
    </ClInclude>
    <ClInclude Include="MFCApplication1View.h">
      <Filter>头文件</Filter>
    </ClInclude>
    <ClInclude Include="Resource.h">
      <Filter>头文件</Filter>
    </ClInclude>
    <ClInclude Include="pch.h">
      <Filter>头文件</Filter>
    </ClInclude>
    <ClInclude Include="Game\Objects\Mario.h">
      <Filter>Game\Objects</Filter>
    </ClInclude>
    <ClInclude Include="Game\Objects\GameObject.h">
      <Filter>Game\Objects</Filter>
    </ClInclude>
    <ClInclude Include="Game\Objects\Brick.h">
      <Filter>Game\Objects</Filter>
    </ClInclude>
    <ClInclude Include="Game\Objects\Pipe.h">
      <Filter>Game\Objects</Filter>
    </ClInclude>
    <ClInclude Include="Game\Core\ResourceManager.h">
      <Filter>Game\Core</Filter>
    </ClInclude>
    <ClInclude Include="Game\Core\SpriteRenderer.h">
      <Filter>Game\Core</Filter>
    </ClInclude>
    <ClInclude Include="Game\Map\TileMap.h">
      <Filter>Game\Map</Filter>
    </ClInclude>
    <ClInclude Include="Game\Core\GameConfig.h">
      <Filter>Game\Core</Filter>
    </ClInclude>
    <ClInclude Include="Game\Core\SpriteConfig.h">
      <Filter>Game\Core</Filter>
    </ClInclude>
  </ItemGroup>
  <ItemGroup>
    <ClCompile Include="MFCApplication1.cpp">
      <Filter>源文件</Filter>
    </ClCompile>
    <ClCompile Include="MainFrm.cpp">
      <Filter>源文件</Filter>
    </ClCompile>
    <ClCompile Include="MFCApplication1Doc.cpp">
      <Filter>源文件</Filter>
    </ClCompile>
    <ClCompile Include="MFCApplication1View.cpp">
      <Filter>源文件</Filter>
    </ClCompile>
    <ClCompile Include="pch.cpp">
      <Filter>源文件</Filter>
    </ClCompile>
    <ClCompile Include="Game\Objects\Mario.cpp">
      <Filter>Game\Objects</Filter>
    </ClCompile>
    <ClCompile Include="Game\Objects\GameObject.cpp">
      <Filter>Game\Objects</Filter>
    </ClCompile>
    <ClCompile Include="Game\Objects\Brick.cpp">
      <Filter>Game\Objects</Filter>
    </ClCompile>
    <ClCompile Include="Game\Objects\Pipe.cpp">
      <Filter>Game\Objects</Filter>
    </ClCompile>
    <ClCompile Include="Game\Core\ResourceManager.cpp">
      <Filter>Game\Core</Filter>
    </ClCompile>
    <ClCompile Include="Game\Core\SpriteRenderer.cpp">
      <Filter>Game\Core</Filter>
    </ClCompile>
    <ClCompile Include="Game\Map\TileMap.cpp">
      <Filter>Game\Map</Filter>
    </ClCompile>
    <ClCompile Include="Game\Core\GameConfig.cpp">
      <Filter>Game\Core</Filter>
    </ClCompile>
    <ClCompile Include="Game\Core\SpriteConfig.cpp">
      <Filter>Game\Core</Filter>
    </ClCompile>
  </ItemGroup>
  <ItemGroup>
    <ResourceCompile Include="MFCApplication1.rc">
      <Filter>资源文件</Filter>
    </ResourceCompile>
  </ItemGroup>
  <ItemGroup>
    <None Include="res\MFCApplication1.rc2">
      <Filter>资源文件</Filter>
    </None>
    <None Include="README.md">
      <Filter>Game\Resources</Filter>
    </None>
  </ItemGroup>
  <ItemGroup>
    <Image Include="res\MFCApplication1Doc.ico">
      <Filter>资源文件</Filter>
    </Image>
    <Image Include="res\MFCApplication1.ico">
      <Filter>资源文件</Filter>
    </Image>
    <Image Include="res\Toolbar.bmp">
      <Filter>资源文件</Filter>
    </Image>
  </ItemGroup>
</Project>